// !$*UTF8*$!
{
	archiveVersion = 1;
	classes = {
	};
	objectVersion = 77;
	objects = {

/* Begin PBXContainerItemProxy section */
		A15F09A22CF9EF52003DC9DF /* PBXContainerItemProxy */ = {
			isa = PBXContainerItemProxy;
			containerPortal = A15F09892CF9EF51003DC9DF /* Project object */;
			proxyType = 1;
			remoteGlobalIDString = A15F09902CF9EF51003DC9DF;
			remoteInfo = "petyas-todo-app";
		};
		A15F09AC2CF9EF52003DC9DF /* PBXContainerItemProxy */ = {
			isa = PBXContainerItemProxy;
			containerPortal = A15F09892CF9EF51003DC9DF /* Project object */;
			proxyType = 1;
			remoteGlobalIDString = A15F09902CF9EF51003DC9DF;
			remoteInfo = "petyas-todo-app";
		};
/* End PBXContainerItemProxy section */

/* Begin PBXFileReference section */
		A15F09912CF9EF51003DC9DF /* petyas-todo-app.app */ = {isa = PBXFileReference; explicitFileType = wrapper.application; includeInIndex = 0; path = "petyas-todo-app.app"; sourceTree = BUILT_PRODUCTS_DIR; };
		A15F09A12CF9EF52003DC9DF /* petyas-todo-appTests.xctest */ = {isa = PBXFileReference; explicitFileType = wrapper.cfbundle; includeInIndex = 0; path = "petyas-todo-appTests.xctest"; sourceTree = BUILT_PRODUCTS_DIR; };
		A15F09AB2CF9EF52003DC9DF /* petyas-todo-appUITests.xctest */ = {isa = PBXFileReference; explicitFileType = wrapper.cfbundle; includeInIndex = 0; path = "petyas-todo-appUITests.xctest"; sourceTree = BUILT_PRODUCTS_DIR; };
/* End PBXFileReference section */

/* Begin PBXFileSystemSynchronizedRootGroup section */
		A15F09932CF9EF51003DC9DF /* petyas-todo-app */ = {
			isa = PBXFileSystemSynchronizedRootGroup;
			path = "petyas-todo-app";
			sourceTree = "<group>";
		};
		A15F09A42CF9EF52003DC9DF /* petyas-todo-appTests */ = {
			isa = PBXFileSystemSynchronizedRootGroup;
			path = "petyas-todo-appTests";
			sourceTree = "<group>";
		};
		A15F09AE2CF9EF52003DC9DF /* petyas-todo-appUITests */ = {
			isa = PBXFileSystemSynchronizedRootGroup;
			path = "petyas-todo-appUITests";
			sourceTree = "<group>";
		};
/* End PBXFileSystemSynchronizedRootGroup section */

/* Begin PBXFrameworksBuildPhase section */
		A15F098E2CF9EF51003DC9DF /* Frameworks */ = {
			isa = PBXFrameworksBuildPhase;
			buildActionMask = 2147483647;
			files = (
			);
			runOnlyForDeploymentPostprocessing = 0;
		};
		A15F099E2CF9EF52003DC9DF /* Frameworks */ = {
			isa = PBXFrameworksBuildPhase;
			buildActionMask = 2147483647;
			files = (
			);
			runOnlyForDeploymentPostprocessing = 0;
		};
		A15F09A82CF9EF52003DC9DF /* Frameworks */ = {
			isa = PBXFrameworksBuildPhase;
			buildActionMask = 2147483647;
			files = (
			);
			runOnlyForDeploymentPostprocessing = 0;
		};
/* End PBXFrameworksBuildPhase section */

/* Begin PBXGroup section */
		A15F09882CF9EF51003DC9DF = {
			isa = PBXGroup;
			children = (
				A15F09932CF9EF51003DC9DF /* petyas-todo-app */,
				A15F09A42CF9EF52003DC9DF /* petyas-todo-appTests */,
				A15F09AE2CF9EF52003DC9DF /* petyas-todo-appUITests */,
				A15F09922CF9EF51003DC9DF /* Products */,
			);
			sourceTree = "<group>";
		};
		A15F09922CF9EF51003DC9DF /* Products */ = {
			isa = PBXGroup;
			children = (
				A15F09912CF9EF51003DC9DF /* petyas-todo-app.app */,
				A15F09A12CF9EF52003DC9DF /* petyas-todo-appTests.xctest */,
				A15F09AB2CF9EF52003DC9DF /* petyas-todo-appUITests.xctest */,
			);
			name = Products;
			sourceTree = "<group>";
		};
/* End PBXGroup section */

/* Begin PBXNativeTarget section */
		A15F09902CF9EF51003DC9DF /* petyas-todo-app */ = {
			isa = PBXNativeTarget;
			buildConfigurationList = A15F09B52CF9EF52003DC9DF /* Build configuration list for PBXNativeTarget "petyas-todo-app" */;
			buildPhases = (
				A15F098D2CF9EF51003DC9DF /* Sources */,
				A15F098E2CF9EF51003DC9DF /* Frameworks */,
				A15F098F2CF9EF51003DC9DF /* Resources */,
			);
			buildRules = (
			);
			dependencies = (
			);
			fileSystemSynchronizedGroups = (
				A15F09932CF9EF51003DC9DF /* petyas-todo-app */,
			);
			name = "petyas-todo-app";
			packageProductDependencies = (
			);
			productName = "petyas-todo-app";
			productReference = A15F09912CF9EF51003DC9DF /* petyas-todo-app.app */;
			productType = "com.apple.product-type.application";
		};
		A15F09A02CF9EF52003DC9DF /* petyas-todo-appTests */ = {
			isa = PBXNativeTarget;
			buildConfigurationList = A15F09B82CF9EF52003DC9DF /* Build configuration list for PBXNativeTarget "petyas-todo-appTests" */;
			buildPhases = (
				A15F099D2CF9EF52003DC9DF /* Sources */,
				A15F099E2CF9EF52003DC9DF /* Frameworks */,
				A15F099F2CF9EF52003DC9DF /* Resources */,
			);
			buildRules = (
			);
			dependencies = (
				A15F09A32CF9EF52003DC9DF /* PBXTargetDependency */,
			);
			fileSystemSynchronizedGroups = (
				A15F09A42CF9EF52003DC9DF /* petyas-todo-appTests */,
			);
			name = "petyas-todo-appTests";
			packageProductDependencies = (
			);
			productName = "petyas-todo-appTests";
			productReference = A15F09A12CF9EF52003DC9DF /* petyas-todo-appTests.xctest */;
			productType = "com.apple.product-type.bundle.unit-test";
		};
		A15F09AA2CF9EF52003DC9DF /* petyas-todo-appUITests */ = {
			isa = PBXNativeTarget;
			buildConfigurationList = A15F09BB2CF9EF52003DC9DF /* Build configuration list for PBXNativeTarget "petyas-todo-appUITests" */;
			buildPhases = (
				A15F09A72CF9EF52003DC9DF /* Sources */,
				A15F09A82CF9EF52003DC9DF /* Frameworks */,
				A15F09A92CF9EF52003DC9DF /* Resources */,
			);
			buildRules = (
			);
			dependencies = (
				A15F09AD2CF9EF52003DC9DF /* PBXTargetDependency */,
			);
			fileSystemSynchronizedGroups = (
				A15F09AE2CF9EF52003DC9DF /* petyas-todo-appUITests */,
			);
			name = "petyas-todo-appUITests";
			packageProductDependencies = (
			);
			productName = "petyas-todo-appUITests";
			productReference = A15F09AB2CF9EF52003DC9DF /* petyas-todo-appUITests.xctest */;
			productType = "com.apple.product-type.bundle.ui-testing";
		};
/* End PBXNativeTarget section */

/* Begin PBXProject section */
		A15F09892CF9EF51003DC9DF /* Project object */ = {
			isa = PBXProject;
			attributes = {
				BuildIndependentTargetsInParallel = 1;
				LastSwiftUpdateCheck = 1610;
				LastUpgradeCheck = 1610;
				TargetAttributes = {
					A15F09902CF9EF51003DC9DF = {
						CreatedOnToolsVersion = 16.1;
					};
					A15F09A02CF9EF52003DC9DF = {
						CreatedOnToolsVersion = 16.1;
						TestTargetID = A15F09902CF9EF51003DC9DF;
					};
					A15F09AA2CF9EF52003DC9DF = {
						CreatedOnToolsVersion = 16.1;
						TestTargetID = A15F09902CF9EF51003DC9DF;
					};
				};
			};
			buildConfigurationList = A15F098C2CF9EF51003DC9DF /* Build configuration list for PBXProject "petyas-todo-app" */;
			developmentRegion = en;
			hasScannedForEncodings = 0;
			knownRegions = (
				en,
				Base,
			);
			mainGroup = A15F09882CF9EF51003DC9DF;
			minimizedProjectReferenceProxies = 1;
			preferredProjectObjectVersion = 77;
			productRefGroup = A15F09922CF9EF51003DC9DF /* Products */;
			projectDirPath = "";
			projectRoot = "";
			targets = (
				A15F09902CF9EF51003DC9DF /* petyas-todo-app */,
				A15F09A02CF9EF52003DC9DF /* petyas-todo-appTests */,
				A15F09AA2CF9EF52003DC9DF /* petyas-todo-appUITests */,
			);
		};
/* End PBXProject section */

/* Begin PBXResourcesBuildPhase section */
		A15F098F2CF9EF51003DC9DF /* Resources */ = {
			isa = PBXResourcesBuildPhase;
			buildActionMask = 2147483647;
			files = (
			);
			runOnlyForDeploymentPostprocessing = 0;
		};
		A15F099F2CF9EF52003DC9DF /* Resources */ = {
			isa = PBXResourcesBuildPhase;
			buildActionMask = 2147483647;
			files = (
			);
			runOnlyForDeploymentPostprocessing = 0;
		};
		A15F09A92CF9EF52003DC9DF /* Resources */ = {
			isa = PBXResourcesBuildPhase;
			buildActionMask = 2147483647;
			files = (
			);
			runOnlyForDeploymentPostprocessing = 0;
		};
/* End PBXResourcesBuildPhase section */

/* Begin PBXSourcesBuildPhase section */
		A15F098D2CF9EF51003DC9DF /* Sources */ = {
			isa = PBXSourcesBuildPhase;
			buildActionMask = 2147483647;
			files = (
			);
			runOnlyForDeploymentPostprocessing = 0;
		};
		A15F099D2CF9EF52003DC9DF /* Sources */ = {
			isa = PBXSourcesBuildPhase;
			buildActionMask = 2147483647;
			files = (
			);
			runOnlyForDeploymentPostprocessing = 0;
		};
		A15F09A72CF9EF52003DC9DF /* Sources */ = {
			isa = PBXSourcesBuildPhase;
			buildActionMask = 2147483647;
			files = (
			);
			runOnlyForDeploymentPostprocessing = 0;
		};
/* End PBXSourcesBuildPhase section */

/* Begin PBXTargetDependency section */
		A15F09A32CF9EF52003DC9DF /* PBXTargetDependency */ = {
			isa = PBXTargetDependency;
			target = A15F09902CF9EF51003DC9DF /* petyas-todo-app */;
			targetProxy = A15F09A22CF9EF52003DC9DF /* PBXContainerItemProxy */;
		};
		A15F09AD2CF9EF52003DC9DF /* PBXTargetDependency */ = {
			isa = PBXTargetDependency;
			target = A15F09902CF9EF51003DC9DF /* petyas-todo-app */;
			targetProxy = A15F09AC2CF9EF52003DC9DF /* PBXContainerItemProxy */;
		};
/* End PBXTargetDependency section */

/* Begin XCBuildConfiguration section */
		A15F09B32CF9EF52003DC9DF /* Debug */ = {
			isa = XCBuildConfiguration;
			buildSettings = {
				ALWAYS_SEARCH_USER_PATHS = NO;
				ASSETCATALOG_COMPILER_GENERATE_SWIFT_ASSET_SYMBOL_EXTENSIONS = YES;
				CLANG_ANALYZER_NONNULL = YES;
				CLANG_ANALYZER_NUMBER_OBJECT_CONVERSION = YES_AGGRESSIVE;
				CLANG_CXX_LANGUAGE_STANDARD = "gnu++20";
				CLANG_ENABLE_MODULES = YES;
				CLANG_ENABLE_OBJC_ARC = YES;
				CLANG_ENABLE_OBJC_WEAK = YES;
				CLANG_WARN_BLOCK_CAPTURE_AUTORELEASING = YES;
				CLANG_WARN_BOOL_CONVERSION = YES;
				CLANG_WARN_COMMA = YES;
				CLANG_WARN_CONSTANT_CONVERSION = YES;
				CLANG_WARN_DEPRECATED_OBJC_IMPLEMENTATIONS = YES;
				CLANG_WARN_DIRECT_OBJC_ISA_USAGE = YES_ERROR;
				CLANG_WARN_DOCUMENTATION_COMMENTS = YES;
				CLANG_WARN_EMPTY_BODY = YES;
				CLANG_WARN_ENUM_CONVERSION = YES;
				CLANG_WARN_INFINITE_RECURSION = YES;
				CLANG_WARN_INT_CONVERSION = YES;
				CLANG_WARN_NON_LITERAL_NULL_CONVERSION = YES;
				CLANG_WARN_OBJC_IMPLICIT_RETAIN_SELF = YES;
				CLANG_WARN_OBJC_LITERAL_CONVERSION = YES;
				CLANG_WARN_OBJC_ROOT_CLASS = YES_ERROR;
				CLANG_WARN_QUOTED_INCLUDE_IN_FRAMEWORK_HEADER = YES;
				CLANG_WARN_RANGE_LOOP_ANALYSIS = YES;
				CLANG_WARN_STRICT_PROTOTYPES = YES;
				CLANG_WARN_SUSPICIOUS_MOVE = YES;
				CLANG_WARN_UNGUARDED_AVAILABILITY = YES_AGGRESSIVE;
				CLANG_WARN_UNREACHABLE_CODE = YES;
				CLANG_WARN__DUPLICATE_METHOD_MATCH = YES;
				COPY_PHASE_STRIP = NO;
				DEBUG_INFORMATION_FORMAT = dwarf;
				ENABLE_STRICT_OBJC_MSGSEND = YES;
				ENABLE_TESTABILITY = YES;
				ENABLE_USER_SCRIPT_SANDBOXING = YES;
				GCC_C_LANGUAGE_STANDARD = gnu17;
				GCC_DYNAMIC_NO_PIC = NO;
				GCC_NO_COMMON_BLOCKS = YES;
				GCC_OPTIMIZATION_LEVEL = 0;
				GCC_PREPROCESSOR_DEFINITIONS = (
					"DEBUG=1",
					"$(inherited)",
				);
				GCC_WARN_64_TO_32_BIT_CONVERSION = YES;
				GCC_WARN_ABOUT_RETURN_TYPE = YES_ERROR;
				GCC_WARN_UNDECLARED_SELECTOR = YES;
				GCC_WARN_UNINITIALIZED_AUTOS = YES_AGGRESSIVE;
				GCC_WARN_UNUSED_FUNCTION = YES;
				GCC_WARN_UNUSED_VARIABLE = YES;
				IPHONEOS_DEPLOYMENT_TARGET = 18.1;
				LOCALIZATION_PREFERS_STRING_CATALOGS = YES;
				MTL_ENABLE_DEBUG_INFO = INCLUDE_SOURCE;
				MTL_FAST_MATH = YES;
				ONLY_ACTIVE_ARCH = YES;
				SDKROOT = iphoneos;
				SWIFT_ACTIVE_COMPILATION_CONDITIONS = "DEBUG $(inherited)";
				SWIFT_OPTIMIZATION_LEVEL = "-Onone";
			};
			name = Debug;
		};
		A15F09B42CF9EF52003DC9DF /* Release */ = {
			isa = XCBuildConfiguration;
			buildSettings = {
				ALWAYS_SEARCH_USER_PATHS = NO;
				ASSETCATALOG_COMPILER_GENERATE_SWIFT_ASSET_SYMBOL_EXTENSIONS = YES;
				CLANG_ANALYZER_NONNULL = YES;
				CLANG_ANALYZER_NUMBER_OBJECT_CONVERSION = YES_AGGRESSIVE;
				CLANG_CXX_LANGUAGE_STANDARD = "gnu++20";
				CLANG_ENABLE_MODULES = YES;
				CLANG_ENABLE_OBJC_ARC = YES;
				CLANG_ENABLE_OBJC_WEAK = YES;
				CLANG_WARN_BLOCK_CAPTURE_AUTORELEASING = YES;
				CLANG_WARN_BOOL_CONVERSION = YES;
				CLANG_WARN_COMMA = YES;
				CLANG_WARN_CONSTANT_CONVERSION = YES;
				CLANG_WARN_DEPRECATED_OBJC_IMPLEMENTATIONS = YES;
				CLANG_WARN_DIRECT_OBJC_ISA_USAGE = YES_ERROR;
				CLANG_WARN_DOCUMENTATION_COMMENTS = YES;
				CLANG_WARN_EMPTY_BODY = YES;
				CLANG_WARN_ENUM_CONVERSION = YES;
				CLANG_WARN_INFINITE_RECURSION = YES;
				CLANG_WARN_INT_CONVERSION = YES;
				CLANG_WARN_NON_LITERAL_NULL_CONVERSION = YES;
				CLANG_WARN_OBJC_IMPLICIT_RETAIN_SELF = YES;
				CLANG_WARN_OBJC_LITERAL_CONVERSION = YES;
				CLANG_WARN_OBJC_ROOT_CLASS = YES_ERROR;
				CLANG_WARN_QUOTED_INCLUDE_IN_FRAMEWORK_HEADER = YES;
				CLANG_WARN_RANGE_LOOP_ANALYSIS = YES;
				CLANG_WARN_STRICT_PROTOTYPES = YES;
				CLANG_WARN_SUSPICIOUS_MOVE = YES;
				CLANG_WARN_UNGUARDED_AVAILABILITY = YES_AGGRESSIVE;
				CLANG_WARN_UNREACHABLE_CODE = YES;
				CLANG_WARN__DUPLICATE_METHOD_MATCH = YES;
				COPY_PHASE_STRIP = NO;
				DEBUG_INFORMATION_FORMAT = "dwarf-with-dsym";
				ENABLE_NS_ASSERTIONS = NO;
				ENABLE_STRICT_OBJC_MSGSEND = YES;
				ENABLE_USER_SCRIPT_SANDBOXING = YES;
				GCC_C_LANGUAGE_STANDARD = gnu17;
				GCC_NO_COMMON_BLOCKS = YES;
				GCC_WARN_64_TO_32_BIT_CONVERSION = YES;
				GCC_WARN_ABOUT_RETURN_TYPE = YES_ERROR;
				GCC_WARN_UNDECLARED_SELECTOR = YES;
				GCC_WARN_UNINITIALIZED_AUTOS = YES_AGGRESSIVE;
				GCC_WARN_UNUSED_FUNCTION = YES;
				GCC_WARN_UNUSED_VARIABLE = YES;
				IPHONEOS_DEPLOYMENT_TARGET = 18.1;
				LOCALIZATION_PREFERS_STRING_CATALOGS = YES;
				MTL_ENABLE_DEBUG_INFO = NO;
				MTL_FAST_MATH = YES;
				SDKROOT = iphoneos;
				SWIFT_COMPILATION_MODE = wholemodule;
				VALIDATE_PRODUCT = YES;
			};
			name = Release;
		};
		A15F09B62CF9EF52003DC9DF /* Debug */ = {
			isa = XCBuildConfiguration;
			buildSettings = {
				ASSETCATALOG_COMPILER_APPICON_NAME = AppIcon;
				ASSETCATALOG_COMPILER_GLOBAL_ACCENT_COLOR_NAME = AccentColor;
				CODE_SIGN_STYLE = Automatic;
				CURRENT_PROJECT_VERSION = 1;
				DEVELOPMENT_ASSET_PATHS = "\"petyas-todo-app/Preview Content\"";
				ENABLE_PREVIEWS = YES;
				GENERATE_INFOPLIST_FILE = YES;
				INFOPLIST_KEY_UIApplicationSceneManifest_Generation = YES;
				INFOPLIST_KEY_UIApplicationSupportsIndirectInputEvents = YES;
				INFOPLIST_KEY_UILaunchScreen_Generation = YES;
				INFOPLIST_KEY_UISupportedInterfaceOrientations_iPad = "UIInterfaceOrientationPortrait UIInterfaceOrientationPortraitUpsideDown UIInterfaceOrientationLandscapeLeft UIInterfaceOrientationLandscapeRight";
				INFOPLIST_KEY_UISupportedInterfaceOrientations_iPhone = "UIInterfaceOrientationPortrait UIInterfaceOrientationLandscapeLeft UIInterfaceOrientationLandscapeRight";
				LD_RUNPATH_SEARCH_PATHS = (
					"$(inherited)",
					"@executable_path/Frameworks",
				);
				MARKETING_VERSION = 1.0;
				PRODUCT_BUNDLE_IDENTIFIER = "com.petya.petyas-todo-app";
				PRODUCT_NAME = "$(TARGET_NAME)";
				SWIFT_EMIT_LOC_STRINGS = YES;
				SWIFT_VERSION = 5.0;
				TARGETED_DEVICE_FAMILY = "1,2";
			};
			name = Debug;
		};
		A15F09B72CF9EF52003DC9DF /* Release */ = {
			isa = XCBuildConfiguration;
			buildSettings = {
				ASSETCATALOG_COMPILER_APPICON_NAME = AppIcon;
				ASSETCATALOG_COMPILER_GLOBAL_ACCENT_COLOR_NAME = AccentColor;
				CODE_SIGN_STYLE = Automatic;
				CURRENT_PROJECT_VERSION = 1;
				DEVELOPMENT_ASSET_PATHS = "\"petyas-todo-app/Preview Content\"";
				ENABLE_PREVIEWS = YES;
				GENERATE_INFOPLIST_FILE = YES;
				INFOPLIST_KEY_UIApplicationSceneManifest_Generation = YES;
				INFOPLIST_KEY_UIApplicationSupportsIndirectInputEvents = YES;
				INFOPLIST_KEY_UILaunchScreen_Generation = YES;
				INFOPLIST_KEY_UISupportedInterfaceOrientations_iPad = "UIInterfaceOrientationPortrait UIInterfaceOrientationPortraitUpsideDown UIInterfaceOrientationLandscapeLeft UIInterfaceOrientationLandscapeRight";
				INFOPLIST_KEY_UISupportedInterfaceOrientations_iPhone = "UIInterfaceOrientationPortrait UIInterfaceOrientationLandscapeLeft UIInterfaceOrientationLandscapeRight";
				LD_RUNPATH_SEARCH_PATHS = (
					"$(inherited)",
					"@executable_path/Frameworks",
				);
				MARKETING_VERSION = 1.0;
				PRODUCT_BUNDLE_IDENTIFIER = "com.petya.petyas-todo-app";
				PRODUCT_NAME = "$(TARGET_NAME)";
				SWIFT_EMIT_LOC_STRINGS = YES;
				SWIFT_VERSION = 5.0;
				TARGETED_DEVICE_FAMILY = "1,2";
			};
			name = Release;
		};
		A15F09B92CF9EF52003DC9DF /* Debug */ = {
			isa = XCBuildConfiguration;
			buildSettings = {
				BUNDLE_LOADER = "$(TEST_HOST)";
				CODE_SIGN_STYLE = Automatic;
				CURRENT_PROJECT_VERSION = 1;
				GENERATE_INFOPLIST_FILE = YES;
				IPHONEOS_DEPLOYMENT_TARGET = 18.1;
				MARKETING_VERSION = 1.0;
				PRODUCT_BUNDLE_IDENTIFIER = "com.petya.petyas-todo-appTests";
				PRODUCT_NAME = "$(TARGET_NAME)";
				SWIFT_EMIT_LOC_STRINGS = NO;
				SWIFT_VERSION = 5.0;
				TARGETED_DEVICE_FAMILY = "1,2";
				TEST_HOST = "$(BUILT_PRODUCTS_DIR)/petyas-todo-app.app/$(BUNDLE_EXECUTABLE_FOLDER_PATH)/petyas-todo-app";
			};
			name = Debug;
		};
		A15F09BA2CF9EF52003DC9DF /* Release */ = {
			isa = XCBuildConfiguration;
			buildSettings = {
				BUNDLE_LOADER = "$(TEST_HOST)";
				CODE_SIGN_STYLE = Automatic;
				CURRENT_PROJECT_VERSION = 1;
				GENERATE_INFOPLIST_FILE = YES;
				IPHONEOS_DEPLOYMENT_TARGET = 18.1;
				MARKETING_VERSION = 1.0;
				PRODUCT_BUNDLE_IDENTIFIER = "com.petya.petyas-todo-appTests";
				PRODUCT_NAME = "$(TARGET_NAME)";
				SWIFT_EMIT_LOC_STRINGS = NO;
				SWIFT_VERSION = 5.0;
				TARGETED_DEVICE_FAMILY = "1,2";
				TEST_HOST = "$(BUILT_PRODUCTS_DIR)/petyas-todo-app.app/$(BUNDLE_EXECUTABLE_FOLDER_PATH)/petyas-todo-app";
			};
			name = Release;
		};
		A15F09BC2CF9EF52003DC9DF /* Debug */ = {
			isa = XCBuildConfiguration;
			buildSettings = {
				CODE_SIGN_STYLE = Automatic;
				CURRENT_PROJECT_VERSION = 1;
				GENERATE_INFOPLIST_FILE = YES;
				MARKETING_VERSION = 1.0;
				PRODUCT_BUNDLE_IDENTIFIER = "com.petya.petyas-todo-appUITests";
				PRODUCT_NAME = "$(TARGET_NAME)";
				SWIFT_EMIT_LOC_STRINGS = NO;
				SWIFT_VERSION = 5.0;
				TARGETED_DEVICE_FAMILY = "1,2";
				TEST_TARGET_NAME = "petyas-todo-app";
			};
			name = Debug;
		};
		A15F09BD2CF9EF52003DC9DF /* Release */ = {
			isa = XCBuildConfiguration;
			buildSettings = {
				CODE_SIGN_STYLE = Automatic;
				CURRENT_PROJECT_VERSION = 1;
				GENERATE_INFOPLIST_FILE = YES;
				MARKETING_VERSION = 1.0;
				PRODUCT_BUNDLE_IDENTIFIER = "com.petya.petyas-todo-appUITests";
				PRODUCT_NAME = "$(TARGET_NAME)";
				SWIFT_EMIT_LOC_STRINGS = NO;
				SWIFT_VERSION = 5.0;
				TARGETED_DEVICE_FAMILY = "1,2";
				TEST_TARGET_NAME = "petyas-todo-app";
			};
			name = Release;
		};
/* End XCBuildConfiguration section */

/* Begin XCConfigurationList section */
		A15F098C2CF9EF51003DC9DF /* Build configuration list for PBXProject "petyas-todo-app" */ = {
			isa = XCConfigurationList;
			buildConfigurations = (
				A15F09B32CF9EF52003DC9DF /* Debug */,
				A15F09B42CF9EF52003DC9DF /* Release */,
			);
			defaultConfigurationIsVisible = 0;
			defaultConfigurationName = Release;
		};
		A15F09B52CF9EF52003DC9DF /* Build configuration list for PBXNativeTarget "petyas-todo-app" */ = {
			isa = XCConfigurationList;
			buildConfigurations = (
				A15F09B62CF9EF52003DC9DF /* Debug */,
				A15F09B72CF9EF52003DC9DF /* Release */,
			);
			defaultConfigurationIsVisible = 0;
			defaultConfigurationName = Release;
		};
		A15F09B82CF9EF52003DC9DF /* Build configuration list for PBXNativeTarget "petyas-todo-appTests" */ = {
			isa = XCConfigurationList;
			buildConfigurations = (
				A15F09B92CF9EF52003DC9DF /* Debug */,
				A15F09BA2CF9EF52003DC9DF /* Release */,
			);
			defaultConfigurationIsVisible = 0;
			defaultConfigurationName = Release;
		};
		A15F09BB2CF9EF52003DC9DF /* Build configuration list for PBXNativeTarget "petyas-todo-appUITests" */ = {
			isa = XCConfigurationList;
			buildConfigurations = (
				A15F09BC2CF9EF52003DC9DF /* Debug */,
				A15F09BD2CF9EF52003DC9DF /* Release */,
			);
			defaultConfigurationIsVisible = 0;
			defaultConfigurationName = Release;
		};
/* End XCConfigurationList section */
	};
	rootObject = A15F09892CF9EF51003DC9DF /* Project object */;
}
